// !$*UTF8*$!
{
	archiveVersion = 1;
	classes = {
	};
	objectVersion = 46;
	objects = {

/* Begin PBXBuildFile section */
		AC4DE80F1AB6C1AE002616A0 /* AppDelegate.swift in Sources */ = {isa = PBXBuildFile; fileRef = AC4DE80E1AB6C1AE002616A0 /* AppDelegate.swift */; };
		AC4DE8111AB6C1AE002616A0 /* SendViewController.swift in Sources */ = {isa = PBXBuildFile; fileRef = AC4DE8101AB6C1AE002616A0 /* SendViewController.swift */; };
		AC4DE8141AB6C1AE002616A0 /* Main.storyboard in Resources */ = {isa = PBXBuildFile; fileRef = AC4DE8121AB6C1AE002616A0 /* Main.storyboard */; };
		AC4DE8161AB6C1AE002616A0 /* Images.xcassets in Resources */ = {isa = PBXBuildFile; fileRef = AC4DE8151AB6C1AE002616A0 /* Images.xcassets */; };
		AC4DE8191AB6C1AE002616A0 /* LaunchScreen.xib in Resources */ = {isa = PBXBuildFile; fileRef = AC4DE8171AB6C1AE002616A0 /* LaunchScreen.xib */; };
		AC4DE8251AB6C1AE002616A0 /* worldremitTests.swift in Sources */ = {isa = PBXBuildFile; fileRef = AC4DE8241AB6C1AE002616A0 /* worldremitTests.swift */; };
		AC4DE82F1AB6D2B0002616A0 /* CurrencyPicker.xib in Resources */ = {isa = PBXBuildFile; fileRef = AC4DE82E1AB6D2B0002616A0 /* CurrencyPicker.xib */; };
		AC4DE8311AB6D357002616A0 /* CurrencyPicker.swift in Sources */ = {isa = PBXBuildFile; fileRef = AC4DE8301AB6D357002616A0 /* CurrencyPicker.swift */; };
		AC4DE8351AB6EAA7002616A0 /* SelectCurrencyViewController.swift in Sources */ = {isa = PBXBuildFile; fileRef = AC4DE8341AB6EAA7002616A0 /* SelectCurrencyViewController.swift */; };
		AC4DE8371AB6F068002616A0 /* Transaction.swift in Sources */ = {isa = PBXBuildFile; fileRef = AC4DE8361AB6F068002616A0 /* Transaction.swift */; };
		ACE79AEE1AB723750091153D /* AddressBookUI.framework in Frameworks */ = {isa = PBXBuildFile; fileRef = ACE79AED1AB723750091153D /* AddressBookUI.framework */; };
		ACE79AF01AB7283E0091153D /* RootViewController.swift in Sources */ = {isa = PBXBuildFile; fileRef = ACE79AEF1AB7283E0091153D /* RootViewController.swift */; };
		ACE79AF41AB72E600091153D /* Server.swift in Sources */ = {isa = PBXBuildFile; fileRef = ACE79AF11AB72E480091153D /* Server.swift */; };
		ACE79AF51AB72E630091153D /* MockServer.swift in Sources */ = {isa = PBXBuildFile; fileRef = ACE79AEB1AB714E20091153D /* MockServer.swift */; };
		ACE79AF71AB72E960091153D /* ServerProtocol.swift in Sources */ = {isa = PBXBuildFile; fileRef = ACE79AF61AB72E960091153D /* ServerProtocol.swift */; };
		ACE79AF81AB72EF50091153D /* ServerProtocol.swift in Sources */ = {isa = PBXBuildFile; fileRef = ACE79AF61AB72E960091153D /* ServerProtocol.swift */; };
		ACE79AF91AB72F2C0091153D /* Transaction.swift in Sources */ = {isa = PBXBuildFile; fileRef = AC4DE8361AB6F068002616A0 /* Transaction.swift */; };
		ACE79AFD1AB74FBE0091153D /* ServerProtocol.swift in Sources */ = {isa = PBXBuildFile; fileRef = ACE79AF61AB72E960091153D /* ServerProtocol.swift */; };
		ACE79AFE1AB74FBE0091153D /* CurrencyPicker.swift in Sources */ = {isa = PBXBuildFile; fileRef = AC4DE8301AB6D357002616A0 /* CurrencyPicker.swift */; };
		ACE79AFF1AB74FBE0091153D /* SendViewController.swift in Sources */ = {isa = PBXBuildFile; fileRef = AC4DE8101AB6C1AE002616A0 /* SendViewController.swift */; };
		ACE79B001AB74FBE0091153D /* AppDelegate.swift in Sources */ = {isa = PBXBuildFile; fileRef = AC4DE80E1AB6C1AE002616A0 /* AppDelegate.swift */; };
		ACE79B011AB74FBE0091153D /* RootViewController.swift in Sources */ = {isa = PBXBuildFile; fileRef = ACE79AEF1AB7283E0091153D /* RootViewController.swift */; };
		ACE79B021AB74FBE0091153D /* SelectCurrencyViewController.swift in Sources */ = {isa = PBXBuildFile; fileRef = AC4DE8341AB6EAA7002616A0 /* SelectCurrencyViewController.swift */; };
		ACE79B041AB74FBE0091153D /* Transaction.swift in Sources */ = {isa = PBXBuildFile; fileRef = AC4DE8361AB6F068002616A0 /* Transaction.swift */; };
		ACE79B061AB74FBE0091153D /* AddressBookUI.framework in Frameworks */ = {isa = PBXBuildFile; fileRef = ACE79AED1AB723750091153D /* AddressBookUI.framework */; };
		ACE79B071AB74FBE0091153D /* Pods.framework in Frameworks */ = {isa = PBXBuildFile; fileRef = C05E90A911F79062AD5FAF89 /* Pods.framework */; settings = {ATTRIBUTES = (Weak, ); }; };
		ACE79B091AB74FBE0091153D /* CurrencyPicker.xib in Resources */ = {isa = PBXBuildFile; fileRef = AC4DE82E1AB6D2B0002616A0 /* CurrencyPicker.xib */; };
		ACE79B0A1AB74FBE0091153D /* Main.storyboard in Resources */ = {isa = PBXBuildFile; fileRef = AC4DE8121AB6C1AE002616A0 /* Main.storyboard */; };
		ACE79B0B1AB74FBE0091153D /* LaunchScreen.xib in Resources */ = {isa = PBXBuildFile; fileRef = AC4DE8171AB6C1AE002616A0 /* LaunchScreen.xib */; };
		ACE79B0C1AB74FBE0091153D /* Images.xcassets in Resources */ = {isa = PBXBuildFile; fileRef = AC4DE8151AB6C1AE002616A0 /* Images.xcassets */; };
		ACE79B141AB74FFE0091153D /* MockServer.swift in Sources */ = {isa = PBXBuildFile; fileRef = ACE79AEB1AB714E20091153D /* MockServer.swift */; };
		F7564DFE3C341E4AC2FBFDDB /* Pods.framework in Frameworks */ = {isa = PBXBuildFile; fileRef = C05E90A911F79062AD5FAF89 /* Pods.framework */; settings = {ATTRIBUTES = (Weak, ); }; };
/* End PBXBuildFile section */

/* Begin PBXContainerItemProxy section */
		AC4DE81F1AB6C1AE002616A0 /* PBXContainerItemProxy */ = {
			isa = PBXContainerItemProxy;
			containerPortal = AC4DE8011AB6C1AE002616A0 /* Project object */;
			proxyType = 1;
			remoteGlobalIDString = AC4DE8081AB6C1AE002616A0;
			remoteInfo = worldremit;
		};
/* End PBXContainerItemProxy section */

/* Begin PBXFileReference section */
		758027643F827D1FCFB3DF06 /* Pods.debug.xcconfig */ = {isa = PBXFileReference; includeInIndex = 1; lastKnownFileType = text.xcconfig; name = Pods.debug.xcconfig; path = "Pods/Target Support Files/Pods/Pods.debug.xcconfig"; sourceTree = "<group>"; };
		AC4DE8091AB6C1AE002616A0 /* worldremit.app */ = {isa = PBXFileReference; explicitFileType = wrapper.application; includeInIndex = 0; path = worldremit.app; sourceTree = BUILT_PRODUCTS_DIR; };
		AC4DE80D1AB6C1AE002616A0 /* Info.plist */ = {isa = PBXFileReference; lastKnownFileType = text.plist.xml; path = Info.plist; sourceTree = "<group>"; };
		AC4DE80E1AB6C1AE002616A0 /* AppDelegate.swift */ = {isa = PBXFileReference; lastKnownFileType = sourcecode.swift; path = AppDelegate.swift; sourceTree = "<group>"; };
		AC4DE8101AB6C1AE002616A0 /* SendViewController.swift */ = {isa = PBXFileReference; lastKnownFileType = sourcecode.swift; path = SendViewController.swift; sourceTree = "<group>"; };
		AC4DE8131AB6C1AE002616A0 /* Base */ = {isa = PBXFileReference; lastKnownFileType = file.storyboard; name = Base; path = Base.lproj/Main.storyboard; sourceTree = "<group>"; };
		AC4DE8151AB6C1AE002616A0 /* Images.xcassets */ = {isa = PBXFileReference; lastKnownFileType = folder.assetcatalog; path = Images.xcassets; sourceTree = "<group>"; };
		AC4DE8181AB6C1AE002616A0 /* Base */ = {isa = PBXFileReference; lastKnownFileType = file.xib; name = Base; path = Base.lproj/LaunchScreen.xib; sourceTree = "<group>"; };
		AC4DE81E1AB6C1AE002616A0 /* worldremitTests.xctest */ = {isa = PBXFileReference; explicitFileType = wrapper.cfbundle; includeInIndex = 0; path = worldremitTests.xctest; sourceTree = BUILT_PRODUCTS_DIR; };
		AC4DE8231AB6C1AE002616A0 /* Info.plist */ = {isa = PBXFileReference; lastKnownFileType = text.plist.xml; path = Info.plist; sourceTree = "<group>"; };
		AC4DE8241AB6C1AE002616A0 /* worldremitTests.swift */ = {isa = PBXFileReference; lastKnownFileType = sourcecode.swift; path = worldremitTests.swift; sourceTree = "<group>"; };
		AC4DE82E1AB6D2B0002616A0 /* CurrencyPicker.xib */ = {isa = PBXFileReference; fileEncoding = 4; lastKnownFileType = file.xib; path = CurrencyPicker.xib; sourceTree = "<group>"; };
		AC4DE8301AB6D357002616A0 /* CurrencyPicker.swift */ = {isa = PBXFileReference; fileEncoding = 4; lastKnownFileType = sourcecode.swift; path = CurrencyPicker.swift; sourceTree = "<group>"; };
		AC4DE8341AB6EAA7002616A0 /* SelectCurrencyViewController.swift */ = {isa = PBXFileReference; fileEncoding = 4; lastKnownFileType = sourcecode.swift; path = SelectCurrencyViewController.swift; sourceTree = "<group>"; };
		AC4DE8361AB6F068002616A0 /* Transaction.swift */ = {isa = PBXFileReference; fileEncoding = 4; lastKnownFileType = sourcecode.swift; path = Transaction.swift; sourceTree = "<group>"; };
		AC960E721AB6F2ED00291201 /* Bridging.h */ = {isa = PBXFileReference; fileEncoding = 4; lastKnownFileType = sourcecode.c.h; path = Bridging.h; sourceTree = "<group>"; };
		ACE79AEB1AB714E20091153D /* MockServer.swift */ = {isa = PBXFileReference; fileEncoding = 4; lastKnownFileType = sourcecode.swift; path = MockServer.swift; sourceTree = "<group>"; };
		ACE79AED1AB723750091153D /* AddressBookUI.framework */ = {isa = PBXFileReference; lastKnownFileType = wrapper.framework; name = AddressBookUI.framework; path = System/Library/Frameworks/AddressBookUI.framework; sourceTree = SDKROOT; };
		ACE79AEF1AB7283E0091153D /* RootViewController.swift */ = {isa = PBXFileReference; fileEncoding = 4; lastKnownFileType = sourcecode.swift; path = RootViewController.swift; sourceTree = "<group>"; };
		ACE79AF11AB72E480091153D /* Server.swift */ = {isa = PBXFileReference; fileEncoding = 4; lastKnownFileType = sourcecode.swift; path = Server.swift; sourceTree = "<group>"; };
		ACE79AF61AB72E960091153D /* ServerProtocol.swift */ = {isa = PBXFileReference; fileEncoding = 4; lastKnownFileType = sourcecode.swift; path = ServerProtocol.swift; sourceTree = "<group>"; };
		ACE79B121AB74FBE0091153D /* worldremit copy.app */ = {isa = PBXFileReference; explicitFileType = wrapper.application; includeInIndex = 0; path = "worldremit copy.app"; sourceTree = BUILT_PRODUCTS_DIR; };
		ACE79B131AB74FBF0091153D /* worldremit mock-Info.plist */ = {isa = PBXFileReference; lastKnownFileType = text.plist.xml; name = "worldremit mock-Info.plist"; path = "/Users/mirko/Dropbox/personal/Code/MyCode/worldremit/worldremit mock-Info.plist"; sourceTree = "<absolute>"; };
		B6DDB376251AA510A76801D8 /* Pods.release.xcconfig */ = {isa = PBXFileReference; includeInIndex = 1; lastKnownFileType = text.xcconfig; name = Pods.release.xcconfig; path = "Pods/Target Support Files/Pods/Pods.release.xcconfig"; sourceTree = "<group>"; };
		C05E90A911F79062AD5FAF89 /* Pods.framework */ = {isa = PBXFileReference; explicitFileType = wrapper.framework; includeInIndex = 0; path = Pods.framework; sourceTree = BUILT_PRODUCTS_DIR; };
/* End PBXFileReference section */

/* Begin PBXFrameworksBuildPhase section */
		AC4DE8061AB6C1AE002616A0 /* Frameworks */ = {
			isa = PBXFrameworksBuildPhase;
			buildActionMask = 2147483647;
			files = (
				ACE79AEE1AB723750091153D /* AddressBookUI.framework in Frameworks */,
				F7564DFE3C341E4AC2FBFDDB /* Pods.framework in Frameworks */,
			);
			runOnlyForDeploymentPostprocessing = 0;
		};
		AC4DE81B1AB6C1AE002616A0 /* Frameworks */ = {
			isa = PBXFrameworksBuildPhase;
			buildActionMask = 2147483647;
			files = (
			);
			runOnlyForDeploymentPostprocessing = 0;
		};
		ACE79B051AB74FBE0091153D /* Frameworks */ = {
			isa = PBXFrameworksBuildPhase;
			buildActionMask = 2147483647;
			files = (
				ACE79B061AB74FBE0091153D /* AddressBookUI.framework in Frameworks */,
				ACE79B071AB74FBE0091153D /* Pods.framework in Frameworks */,
			);
			runOnlyForDeploymentPostprocessing = 0;
		};
/* End PBXFrameworksBuildPhase section */

/* Begin PBXGroup section */
		1BEA0AE2F2E2DDC6B8E52D9B /* Pods */ = {
			isa = PBXGroup;
			children = (
				758027643F827D1FCFB3DF06 /* Pods.debug.xcconfig */,
				B6DDB376251AA510A76801D8 /* Pods.release.xcconfig */,
			);
			name = Pods;
			sourceTree = "<group>";
		};
		530FA730673C171B333C0413 /* Frameworks */ = {
			isa = PBXGroup;
			children = (
				ACE79AED1AB723750091153D /* AddressBookUI.framework */,
				C05E90A911F79062AD5FAF89 /* Pods.framework */,
			);
			name = Frameworks;
			sourceTree = "<group>";
		};
		AC4DE8001AB6C1AE002616A0 = {
			isa = PBXGroup;
			children = (
				AC4DE80B1AB6C1AE002616A0 /* worldremit */,
				AC4DE8211AB6C1AE002616A0 /* worldremitTests */,
				AC4DE80A1AB6C1AE002616A0 /* Products */,
				1BEA0AE2F2E2DDC6B8E52D9B /* Pods */,
				530FA730673C171B333C0413 /* Frameworks */,
				ACE79B131AB74FBF0091153D /* worldremit mock-Info.plist */,
			);
			sourceTree = "<group>";
		};
		AC4DE80A1AB6C1AE002616A0 /* Products */ = {
			isa = PBXGroup;
			children = (
				AC4DE8091AB6C1AE002616A0 /* worldremit.app */,
				AC4DE81E1AB6C1AE002616A0 /* worldremitTests.xctest */,
				ACE79B121AB74FBE0091153D /* worldremit copy.app */,
			);
			name = Products;
			sourceTree = "<group>";
		};
		AC4DE80B1AB6C1AE002616A0 /* worldremit */ = {
			isa = PBXGroup;
			children = (
				AC4DE80E1AB6C1AE002616A0 /* AppDelegate.swift */,
				AC4DE8101AB6C1AE002616A0 /* SendViewController.swift */,
				ACE79AEF1AB7283E0091153D /* RootViewController.swift */,
				AC960E721AB6F2ED00291201 /* Bridging.h */,
				AC4DE8361AB6F068002616A0 /* Transaction.swift */,
				ACE79AEB1AB714E20091153D /* MockServer.swift */,
				ACE79AF11AB72E480091153D /* Server.swift */,
				ACE79AF61AB72E960091153D /* ServerProtocol.swift */,
				AC4DE8341AB6EAA7002616A0 /* SelectCurrencyViewController.swift */,
				AC4DE8121AB6C1AE002616A0 /* Main.storyboard */,
				AC4DE8151AB6C1AE002616A0 /* Images.xcassets */,
				AC4DE8171AB6C1AE002616A0 /* LaunchScreen.xib */,
				AC4DE8301AB6D357002616A0 /* CurrencyPicker.swift */,
				AC4DE82E1AB6D2B0002616A0 /* CurrencyPicker.xib */,
				AC4DE80C1AB6C1AE002616A0 /* Supporting Files */,
			);
			path = worldremit;
			sourceTree = "<group>";
		};
		AC4DE80C1AB6C1AE002616A0 /* Supporting Files */ = {
			isa = PBXGroup;
			children = (
				AC4DE80D1AB6C1AE002616A0 /* Info.plist */,
			);
			name = "Supporting Files";
			sourceTree = "<group>";
		};
		AC4DE8211AB6C1AE002616A0 /* worldremitTests */ = {
			isa = PBXGroup;
			children = (
				AC4DE8241AB6C1AE002616A0 /* worldremitTests.swift */,
				AC4DE8221AB6C1AE002616A0 /* Supporting Files */,
			);
			path = worldremitTests;
			sourceTree = "<group>";
		};
		AC4DE8221AB6C1AE002616A0 /* Supporting Files */ = {
			isa = PBXGroup;
			children = (
				AC4DE8231AB6C1AE002616A0 /* Info.plist */,
			);
			name = "Supporting Files";
			sourceTree = "<group>";
		};
/* End PBXGroup section */

/* Begin PBXNativeTarget section */
		AC4DE8081AB6C1AE002616A0 /* worldremit */ = {
			isa = PBXNativeTarget;
			buildConfigurationList = AC4DE8281AB6C1AE002616A0 /* Build configuration list for PBXNativeTarget "worldremit" */;
			buildPhases = (
				5F06DEA44866BEA9F90B35D3 /* Check Pods Manifest.lock */,
				AC4DE8051AB6C1AE002616A0 /* Sources */,
				AC4DE8061AB6C1AE002616A0 /* Frameworks */,
				AC4DE8071AB6C1AE002616A0 /* Resources */,
				CE00A745CA5061EE54AF9285 /* Embed Pods Frameworks */,
				54E6C2569F5073E3D9F7B005 /* Copy Pods Resources */,
			);
			buildRules = (
			);
			dependencies = (
			);
			name = worldremit;
			productName = worldremit;
			productReference = AC4DE8091AB6C1AE002616A0 /* worldremit.app */;
			productType = "com.apple.product-type.application";
		};
		AC4DE81D1AB6C1AE002616A0 /* worldremitTests */ = {
			isa = PBXNativeTarget;
			buildConfigurationList = AC4DE82B1AB6C1AE002616A0 /* Build configuration list for PBXNativeTarget "worldremitTests" */;
			buildPhases = (
				AC4DE81A1AB6C1AE002616A0 /* Sources */,
				AC4DE81B1AB6C1AE002616A0 /* Frameworks */,
				AC4DE81C1AB6C1AE002616A0 /* Resources */,
			);
			buildRules = (
			);
			dependencies = (
				AC4DE8201AB6C1AE002616A0 /* PBXTargetDependency */,
			);
			name = worldremitTests;
			productName = worldremitTests;
			productReference = AC4DE81E1AB6C1AE002616A0 /* worldremitTests.xctest */;
			productType = "com.apple.product-type.bundle.unit-test";
		};
		ACE79AFA1AB74FBE0091153D /* worldremit-mock */ = {
			isa = PBXNativeTarget;
			buildConfigurationList = ACE79B0F1AB74FBE0091153D /* Build configuration list for PBXNativeTarget "worldremit-mock" */;
			buildPhases = (
				ACE79AFB1AB74FBE0091153D /* Check Pods Manifest.lock */,
				ACE79AFC1AB74FBE0091153D /* Sources */,
				ACE79B051AB74FBE0091153D /* Frameworks */,
				ACE79B081AB74FBE0091153D /* Resources */,
				ACE79B0D1AB74FBE0091153D /* Embed Pods Frameworks */,
				ACE79B0E1AB74FBE0091153D /* Copy Pods Resources */,
			);
			buildRules = (
			);
			dependencies = (
			);
			name = "worldremit-mock";
			productName = worldremit;
			productReference = ACE79B121AB74FBE0091153D /* worldremit copy.app */;
			productType = "com.apple.product-type.application";
		};
/* End PBXNativeTarget section */

/* Begin PBXProject section */
		AC4DE8011AB6C1AE002616A0 /* Project object */ = {
			isa = PBXProject;
			attributes = {
				LastUpgradeCheck = 0620;
				ORGANIZATIONNAME = LivelyCode;
				TargetAttributes = {
					AC4DE8081AB6C1AE002616A0 = {
						CreatedOnToolsVersion = 6.2;
					};
					AC4DE81D1AB6C1AE002616A0 = {
						CreatedOnToolsVersion = 6.2;
						TestTargetID = AC4DE8081AB6C1AE002616A0;
					};
				};
			};
			buildConfigurationList = AC4DE8041AB6C1AE002616A0 /* Build configuration list for PBXProject "worldremit" */;
			compatibilityVersion = "Xcode 3.2";
			developmentRegion = English;
			hasScannedForEncodings = 0;
			knownRegions = (
				en,
				Base,
			);
			mainGroup = AC4DE8001AB6C1AE002616A0;
			productRefGroup = AC4DE80A1AB6C1AE002616A0 /* Products */;
			projectDirPath = "";
			projectRoot = "";
			targets = (
				AC4DE8081AB6C1AE002616A0 /* worldremit */,
				AC4DE81D1AB6C1AE002616A0 /* worldremitTests */,
				ACE79AFA1AB74FBE0091153D /* worldremit-mock */,
			);
		};
/* End PBXProject section */

/* Begin PBXResourcesBuildPhase section */
		AC4DE8071AB6C1AE002616A0 /* Resources */ = {
			isa = PBXResourcesBuildPhase;
			buildActionMask = 2147483647;
			files = (
				AC4DE82F1AB6D2B0002616A0 /* CurrencyPicker.xib in Resources */,
				AC4DE8141AB6C1AE002616A0 /* Main.storyboard in Resources */,
				AC4DE8191AB6C1AE002616A0 /* LaunchScreen.xib in Resources */,
				AC4DE8161AB6C1AE002616A0 /* Images.xcassets in Resources */,
			);
			runOnlyForDeploymentPostprocessing = 0;
		};
		AC4DE81C1AB6C1AE002616A0 /* Resources */ = {
			isa = PBXResourcesBuildPhase;
			buildActionMask = 2147483647;
			files = (
			);
			runOnlyForDeploymentPostprocessing = 0;
		};
		ACE79B081AB74FBE0091153D /* Resources */ = {
			isa = PBXResourcesBuildPhase;
			buildActionMask = 2147483647;
			files = (
				ACE79B091AB74FBE0091153D /* CurrencyPicker.xib in Resources */,
				ACE79B0A1AB74FBE0091153D /* Main.storyboard in Resources */,
				ACE79B0B1AB74FBE0091153D /* LaunchScreen.xib in Resources */,
				ACE79B0C1AB74FBE0091153D /* Images.xcassets in Resources */,
			);
			runOnlyForDeploymentPostprocessing = 0;
		};
/* End PBXResourcesBuildPhase section */

/* Begin PBXShellScriptBuildPhase section */
		54E6C2569F5073E3D9F7B005 /* Copy Pods Resources */ = {
			isa = PBXShellScriptBuildPhase;
			buildActionMask = 2147483647;
			files = (
			);
			inputPaths = (
			);
			name = "Copy Pods Resources";
			outputPaths = (
			);
			runOnlyForDeploymentPostprocessing = 0;
			shellPath = /bin/sh;
			shellScript = "\"${SRCROOT}/Pods/Target Support Files/Pods/Pods-resources.sh\"\n";
			showEnvVarsInLog = 0;
		};
		5F06DEA44866BEA9F90B35D3 /* Check Pods Manifest.lock */ = {
			isa = PBXShellScriptBuildPhase;
			buildActionMask = 2147483647;
			files = (
			);
			inputPaths = (
			);
			name = "Check Pods Manifest.lock";
			outputPaths = (
			);
			runOnlyForDeploymentPostprocessing = 0;
			shellPath = /bin/sh;
			shellScript = "diff \"${PODS_ROOT}/../Podfile.lock\" \"${PODS_ROOT}/Manifest.lock\" > /dev/null\nif [[ $? != 0 ]] ; then\n    cat << EOM\nerror: The sandbox is not in sync with the Podfile.lock. Run 'pod install' or update your CocoaPods installation.\nEOM\n    exit 1\nfi\n";
			showEnvVarsInLog = 0;
		};
		ACE79AFB1AB74FBE0091153D /* Check Pods Manifest.lock */ = {
			isa = PBXShellScriptBuildPhase;
			buildActionMask = 2147483647;
			files = (
			);
			inputPaths = (
			);
			name = "Check Pods Manifest.lock";
			outputPaths = (
			);
			runOnlyForDeploymentPostprocessing = 0;
			shellPath = /bin/sh;
			shellScript = "diff \"${PODS_ROOT}/../Podfile.lock\" \"${PODS_ROOT}/Manifest.lock\" > /dev/null\nif [[ $? != 0 ]] ; then\n    cat << EOM\nerror: The sandbox is not in sync with the Podfile.lock. Run 'pod install' or update your CocoaPods installation.\nEOM\n    exit 1\nfi\n";
			showEnvVarsInLog = 0;
		};
		ACE79B0D1AB74FBE0091153D /* Embed Pods Frameworks */ = {
			isa = PBXShellScriptBuildPhase;
			buildActionMask = 2147483647;
			files = (
			);
			inputPaths = (
			);
			name = "Embed Pods Frameworks";
			outputPaths = (
			);
			runOnlyForDeploymentPostprocessing = 0;
			shellPath = /bin/sh;
			shellScript = "\"${SRCROOT}/Pods/Target Support Files/Pods/Pods-frameworks.sh\"\n";
			showEnvVarsInLog = 0;
		};
		ACE79B0E1AB74FBE0091153D /* Copy Pods Resources */ = {
			isa = PBXShellScriptBuildPhase;
			buildActionMask = 2147483647;
			files = (
			);
			inputPaths = (
			);
			name = "Copy Pods Resources";
			outputPaths = (
			);
			runOnlyForDeploymentPostprocessing = 0;
			shellPath = /bin/sh;
			shellScript = "\"${SRCROOT}/Pods/Target Support Files/Pods/Pods-resources.sh\"\n";
			showEnvVarsInLog = 0;
		};
		CE00A745CA5061EE54AF9285 /* Embed Pods Frameworks */ = {
			isa = PBXShellScriptBuildPhase;
			buildActionMask = 2147483647;
			files = (
			);
			inputPaths = (
			);
			name = "Embed Pods Frameworks";
			outputPaths = (
			);
			runOnlyForDeploymentPostprocessing = 0;
			shellPath = /bin/sh;
			shellScript = "\"${SRCROOT}/Pods/Target Support Files/Pods/Pods-frameworks.sh\"\n";
			showEnvVarsInLog = 0;
		};
/* End PBXShellScriptBuildPhase section */

/* Begin PBXSourcesBuildPhase section */
		AC4DE8051AB6C1AE002616A0 /* Sources */ = {
			isa = PBXSourcesBuildPhase;
			buildActionMask = 2147483647;
			files = (
				ACE79AF71AB72E960091153D /* ServerProtocol.swift in Sources */,
				AC4DE8311AB6D357002616A0 /* CurrencyPicker.swift in Sources */,
				AC4DE8111AB6C1AE002616A0 /* SendViewController.swift in Sources */,
				AC4DE80F1AB6C1AE002616A0 /* AppDelegate.swift in Sources */,
				ACE79AF01AB7283E0091153D /* RootViewController.swift in Sources */,
				AC4DE8351AB6EAA7002616A0 /* SelectCurrencyViewController.swift in Sources */,
				ACE79AF41AB72E600091153D /* Server.swift in Sources */,
				AC4DE8371AB6F068002616A0 /* Transaction.swift in Sources */,
			);
			runOnlyForDeploymentPostprocessing = 0;
		};
		AC4DE81A1AB6C1AE002616A0 /* Sources */ = {
			isa = PBXSourcesBuildPhase;
			buildActionMask = 2147483647;
			files = (
				ACE79AF51AB72E630091153D /* MockServer.swift in Sources */,
				AC4DE8251AB6C1AE002616A0 /* worldremitTests.swift in Sources */,
				ACE79AF91AB72F2C0091153D /* Transaction.swift in Sources */,
				ACE79AF81AB72EF50091153D /* ServerProtocol.swift in Sources */,
			);
			runOnlyForDeploymentPostprocessing = 0;
		};
		ACE79AFC1AB74FBE0091153D /* Sources */ = {
			isa = PBXSourcesBuildPhase;
			buildActionMask = 2147483647;
			files = (
				ACE79B141AB74FFE0091153D /* MockServer.swift in Sources */,
				ACE79AFD1AB74FBE0091153D /* ServerProtocol.swift in Sources */,
				ACE79AFE1AB74FBE0091153D /* CurrencyPicker.swift in Sources */,
				ACE79AFF1AB74FBE0091153D /* SendViewController.swift in Sources */,
				ACE79B001AB74FBE0091153D /* AppDelegate.swift in Sources */,
				ACE79B011AB74FBE0091153D /* RootViewController.swift in Sources */,
				ACE79B021AB74FBE0091153D /* SelectCurrencyViewController.swift in Sources */,
				ACE79B041AB74FBE0091153D /* Transaction.swift in Sources */,
			);
			runOnlyForDeploymentPostprocessing = 0;
		};
/* End PBXSourcesBuildPhase section */

/* Begin PBXTargetDependency section */
		AC4DE8201AB6C1AE002616A0 /* PBXTargetDependency */ = {
			isa = PBXTargetDependency;
			target = AC4DE8081AB6C1AE002616A0 /* worldremit */;
			targetProxy = AC4DE81F1AB6C1AE002616A0 /* PBXContainerItemProxy */;
		};
/* End PBXTargetDependency section */

/* Begin PBXVariantGroup section */
		AC4DE8121AB6C1AE002616A0 /* Main.storyboard */ = {
			isa = PBXVariantGroup;
			children = (
				AC4DE8131AB6C1AE002616A0 /* Base */,
			);
			name = Main.storyboard;
			sourceTree = "<group>";
		};
		AC4DE8171AB6C1AE002616A0 /* LaunchScreen.xib */ = {
			isa = PBXVariantGroup;
			children = (
				AC4DE8181AB6C1AE002616A0 /* Base */,
			);
			name = LaunchScreen.xib;
			sourceTree = "<group>";
		};
/* End PBXVariantGroup section */

/* Begin XCBuildConfiguration section */
		AC4DE8261AB6C1AE002616A0 /* Debug */ = {
			isa = XCBuildConfiguration;
			buildSettings = {
				ALWAYS_SEARCH_USER_PATHS = NO;
				CLANG_CXX_LANGUAGE_STANDARD = "gnu++0x";
				CLANG_CXX_LIBRARY = "libc++";
				CLANG_ENABLE_MODULES = YES;
				CLANG_ENABLE_OBJC_ARC = YES;
				CLANG_WARN_BOOL_CONVERSION = YES;
				CLANG_WARN_CONSTANT_CONVERSION = YES;
				CLANG_WARN_DIRECT_OBJC_ISA_USAGE = YES_ERROR;
				CLANG_WARN_EMPTY_BODY = YES;
				CLANG_WARN_ENUM_CONVERSION = YES;
				CLANG_WARN_INT_CONVERSION = YES;
				CLANG_WARN_OBJC_ROOT_CLASS = YES_ERROR;
				CLANG_WARN_UNREACHABLE_CODE = YES;
				CLANG_WARN__DUPLICATE_METHOD_MATCH = YES;
				"CODE_SIGN_IDENTITY[sdk=iphoneos*]" = "iPhone Developer";
				COPY_PHASE_STRIP = NO;
				ENABLE_STRICT_OBJC_MSGSEND = YES;
				GCC_C_LANGUAGE_STANDARD = gnu99;
				GCC_DYNAMIC_NO_PIC = NO;
				GCC_OPTIMIZATION_LEVEL = 0;
				GCC_PREPROCESSOR_DEFINITIONS = (
					"DEBUG=1",
					"$(inherited)",
				);
				GCC_SYMBOLS_PRIVATE_EXTERN = NO;
				GCC_WARN_64_TO_32_BIT_CONVERSION = YES;
				GCC_WARN_ABOUT_RETURN_TYPE = YES_ERROR;
				GCC_WARN_UNDECLARED_SELECTOR = YES;
				GCC_WARN_UNINITIALIZED_AUTOS = YES_AGGRESSIVE;
				GCC_WARN_UNUSED_FUNCTION = YES;
				GCC_WARN_UNUSED_VARIABLE = YES;
				IPHONEOS_DEPLOYMENT_TARGET = 8.2;
				MTL_ENABLE_DEBUG_INFO = YES;
				ONLY_ACTIVE_ARCH = YES;
				SDKROOT = iphoneos;
				SWIFT_OPTIMIZATION_LEVEL = "-Onone";
			};
			name = Debug;
		};
		AC4DE8271AB6C1AE002616A0 /* Release */ = {
			isa = XCBuildConfiguration;
			buildSettings = {
				ALWAYS_SEARCH_USER_PATHS = NO;
				CLANG_CXX_LANGUAGE_STANDARD = "gnu++0x";
				CLANG_CXX_LIBRARY = "libc++";
				CLANG_ENABLE_MODULES = YES;
				CLANG_ENABLE_OBJC_ARC = YES;
				CLANG_WARN_BOOL_CONVERSION = YES;
				CLANG_WARN_CONSTANT_CONVERSION = YES;
				CLANG_WARN_DIRECT_OBJC_ISA_USAGE = YES_ERROR;
				CLANG_WARN_EMPTY_BODY = YES;
				CLANG_WARN_ENUM_CONVERSION = YES;
				CLANG_WARN_INT_CONVERSION = YES;
				CLANG_WARN_OBJC_ROOT_CLASS = YES_ERROR;
				CLANG_WARN_UNREACHABLE_CODE = YES;
				CLANG_WARN__DUPLICATE_METHOD_MATCH = YES;
				"CODE_SIGN_IDENTITY[sdk=iphoneos*]" = "iPhone Developer";
				COPY_PHASE_STRIP = NO;
				ENABLE_NS_ASSERTIONS = NO;
				ENABLE_STRICT_OBJC_MSGSEND = YES;
				GCC_C_LANGUAGE_STANDARD = gnu99;
				GCC_WARN_64_TO_32_BIT_CONVERSION = YES;
				GCC_WARN_ABOUT_RETURN_TYPE = YES_ERROR;
				GCC_WARN_UNDECLARED_SELECTOR = YES;
				GCC_WARN_UNINITIALIZED_AUTOS = YES_AGGRESSIVE;
				GCC_WARN_UNUSED_FUNCTION = YES;
				GCC_WARN_UNUSED_VARIABLE = YES;
				IPHONEOS_DEPLOYMENT_TARGET = 8.2;
				MTL_ENABLE_DEBUG_INFO = NO;
				SDKROOT = iphoneos;
				VALIDATE_PRODUCT = YES;
			};
			name = Release;
		};
		AC4DE8291AB6C1AE002616A0 /* Debug */ = {
			isa = XCBuildConfiguration;
			baseConfigurationReference = 758027643F827D1FCFB3DF06 /* Pods.debug.xcconfig */;
			buildSettings = {
				ASSETCATALOG_COMPILER_APPICON_NAME = AppIcon;
				INFOPLIST_FILE = worldremit/Info.plist;
				LD_RUNPATH_SEARCH_PATHS = "$(inherited) @executable_path/Frameworks";
				PRODUCT_NAME = "$(TARGET_NAME)";
				SWIFT_OBJC_BRIDGING_HEADER = worldremit/Bridging.h;
			};
			name = Debug;
		};
		AC4DE82A1AB6C1AE002616A0 /* Release */ = {
			isa = XCBuildConfiguration;
			baseConfigurationReference = B6DDB376251AA510A76801D8 /* Pods.release.xcconfig */;
			buildSettings = {
				ASSETCATALOG_COMPILER_APPICON_NAME = AppIcon;
				INFOPLIST_FILE = worldremit/Info.plist;
				LD_RUNPATH_SEARCH_PATHS = "$(inherited) @executable_path/Frameworks";
				PRODUCT_NAME = "$(TARGET_NAME)";
				SWIFT_OBJC_BRIDGING_HEADER = worldremit/Bridging.h;
			};
			name = Release;
		};
		AC4DE82C1AB6C1AE002616A0 /* Debug */ = {
			isa = XCBuildConfiguration;
			buildSettings = {
				BUNDLE_LOADER = "$(TEST_HOST)";
				FRAMEWORK_SEARCH_PATHS = (
					"$(SDKROOT)/Developer/Library/Frameworks",
					"$(inherited)",
				);
				GCC_PREPROCESSOR_DEFINITIONS = (
					"DEBUG=1",
					"$(inherited)",
				);
				INFOPLIST_FILE = worldremitTests/Info.plist;
				LD_RUNPATH_SEARCH_PATHS = "$(inherited) @executable_path/Frameworks @loader_path/Frameworks";
				PRODUCT_NAME = "$(TARGET_NAME)";
				TEST_HOST = "$(BUILT_PRODUCTS_DIR)/worldremit.app/worldremit";
			};
			name = Debug;
		};
		AC4DE82D1AB6C1AE002616A0 /* Release */ = {
			isa = XCBuildConfiguration;
			buildSettings = {
				BUNDLE_LOADER = "$(TEST_HOST)";
				FRAMEWORK_SEARCH_PATHS = (
					"$(SDKROOT)/Developer/Library/Frameworks",
					"$(inherited)",
				);
				INFOPLIST_FILE = worldremitTests/Info.plist;
				LD_RUNPATH_SEARCH_PATHS = "$(inherited) @executable_path/Frameworks @loader_path/Frameworks";
				PRODUCT_NAME = "$(TARGET_NAME)";
				TEST_HOST = "$(BUILT_PRODUCTS_DIR)/worldremit.app/worldremit";
			};
			name = Release;
		};
		ACE79B101AB74FBE0091153D /* Debug */ = {
			isa = XCBuildConfiguration;
			baseConfigurationReference = 758027643F827D1FCFB3DF06 /* Pods.debug.xcconfig */;
			buildSettings = {
				ASSETCATALOG_COMPILER_APPICON_NAME = AppIcon;
				INFOPLIST_FILE = "$(SRCROOT)/worldremit mock-Info.plist";
				LD_RUNPATH_SEARCH_PATHS = "$(inherited) @executable_path/Frameworks";
				PRODUCT_NAME = "worldremit copy";
				SWIFT_OBJC_BRIDGING_HEADER = worldremit/Bridging.h;
			};
			name = Debug;
		};
		ACE79B111AB74FBE0091153D /* Release */ = {
			isa = XCBuildConfiguration;
			baseConfigurationReference = B6DDB376251AA510A76801D8 /* Pods.release.xcconfig */;
			buildSettings = {
				ASSETCATALOG_COMPILER_APPICON_NAME = AppIcon;
				INFOPLIST_FILE = "$(SRCROOT)/worldremit mock-Info.plist";
				LD_RUNPATH_SEARCH_PATHS = "$(inherited) @executable_path/Frameworks";
				PRODUCT_NAME = "worldremit copy";
				SWIFT_OBJC_BRIDGING_HEADER = worldremit/Bridging.h;
			};
			name = Release;
		};
/* End XCBuildConfiguration section */

/* Begin XCConfigurationList section */
		AC4DE8041AB6C1AE002616A0 /* Build configuration list for PBXProject "worldremit" */ = {
			isa = XCConfigurationList;
			buildConfigurations = (
				AC4DE8261AB6C1AE002616A0 /* Debug */,
				AC4DE8271AB6C1AE002616A0 /* Release */,
			);
			defaultConfigurationIsVisible = 0;
			defaultConfigurationName = Release;
		};
		AC4DE8281AB6C1AE002616A0 /* Build configuration list for PBXNativeTarget "worldremit" */ = {
			isa = XCConfigurationList;
			buildConfigurations = (
				AC4DE8291AB6C1AE002616A0 /* Debug */,
				AC4DE82A1AB6C1AE002616A0 /* Release */,
			);
			defaultConfigurationIsVisible = 0;
			defaultConfigurationName = Release;
		};
		AC4DE82B1AB6C1AE002616A0 /* Build configuration list for PBXNativeTarget "worldremitTests" */ = {
			isa = XCConfigurationList;
			buildConfigurations = (
				AC4DE82C1AB6C1AE002616A0 /* Debug */,
				AC4DE82D1AB6C1AE002616A0 /* Release */,
			);
			defaultConfigurationIsVisible = 0;
			defaultConfigurationName = Release;
		};
		ACE79B0F1AB74FBE0091153D /* Build configuration list for PBXNativeTarget "worldremit-mock" */ = {
			isa = XCConfigurationList;
			buildConfigurations = (
				ACE79B101AB74FBE0091153D /* Debug */,
				ACE79B111AB74FBE0091153D /* Release */,
			);
			defaultConfigurationIsVisible = 0;
			defaultConfigurationName = Release;
		};
/* End XCConfigurationList section */
	};
	rootObject = AC4DE8011AB6C1AE002616A0 /* Project object */;
}
